// !$*UTF8*$!
{
	archiveVersion = 1;
	classes = {
	};
	objectVersion = 56;
	objects = {

/* Begin PBXBuildFile section */
		00603E6D2B96023300284E42 /* DownAppTestApp.swift in Sources */ = {isa = PBXBuildFile; fileRef = 00603E6C2B96023300284E42 /* DownAppTestApp.swift */; };
		00603E6F2B96023300284E42 /* ProfilesScreen.swift in Sources */ = {isa = PBXBuildFile; fileRef = 00603E6E2B96023300284E42 /* ProfilesScreen.swift */; };
		00603E712B96023400284E42 /* Assets.xcassets in Resources */ = {isa = PBXBuildFile; fileRef = 00603E702B96023400284E42 /* Assets.xcassets */; };
		00603E742B96023400284E42 /* Preview Assets.xcassets in Resources */ = {isa = PBXBuildFile; fileRef = 00603E732B96023400284E42 /* Preview Assets.xcassets */; };
		00603E7E2B96023400284E42 /* DownAppTestTests.swift in Sources */ = {isa = PBXBuildFile; fileRef = 00603E7D2B96023400284E42 /* DownAppTestTests.swift */; };
		00603E9F2B96DE6200284E42 /* SwipeableProfileCardView.swift in Sources */ = {isa = PBXBuildFile; fileRef = 00603E9E2B96DE6200284E42 /* SwipeableProfileCardView.swift */; };
		00603EA12B96DEB000284E42 /* SelectionTypeView.swift in Sources */ = {isa = PBXBuildFile; fileRef = 00603EA02B96DEB000284E42 /* SelectionTypeView.swift */; };
		00603EA62B96E14400284E42 /* LinearGradient+Ext.swift in Sources */ = {isa = PBXBuildFile; fileRef = 00603EA52B96E14400284E42 /* LinearGradient+Ext.swift */; };
		00603EA92B96E38500284E42 /* Profile.swift in Sources */ = {isa = PBXBuildFile; fileRef = 00603EA82B96E38500284E42 /* Profile.swift */; };
		00603EAB2B96E40C00284E42 /* ProfileView.swift in Sources */ = {isa = PBXBuildFile; fileRef = 00603EAA2B96E40C00284E42 /* ProfileView.swift */; };
		00603EB22B96E80D00284E42 /* BackendError.swift in Sources */ = {isa = PBXBuildFile; fileRef = 00603EAE2B96E80D00284E42 /* BackendError.swift */; };
		00603EB32B96E80D00284E42 /* Resource.swift in Sources */ = {isa = PBXBuildFile; fileRef = 00603EAF2B96E80D00284E42 /* Resource.swift */; };
		00603EB42B96E80D00284E42 /* AsyncRestClient.swift in Sources */ = {isa = PBXBuildFile; fileRef = 00603EB02B96E80D00284E42 /* AsyncRestClient.swift */; };
		00603EB62B96E8DE00284E42 /* Task+Sleep.swift in Sources */ = {isa = PBXBuildFile; fileRef = 00603EB52B96E8DE00284E42 /* Task+Sleep.swift */; };
		00603EB92B96EBB800284E42 /* ProfileService.swift in Sources */ = {isa = PBXBuildFile; fileRef = 00603EB82B96EBB800284E42 /* ProfileService.swift */; };
		00603EBC2B96F39B00284E42 /* ErrorHandler.swift in Sources */ = {isa = PBXBuildFile; fileRef = 00603EBB2B96F39B00284E42 /* ErrorHandler.swift */; };
		00603EC02B96F71600284E42 /* LoadingView.swift in Sources */ = {isa = PBXBuildFile; fileRef = 00603EBF2B96F71600284E42 /* LoadingView.swift */; };
		00603EC22B96F93A00284E42 /* NoProfileView.swift in Sources */ = {isa = PBXBuildFile; fileRef = 00603EC12B96F93A00284E42 /* NoProfileView.swift */; };
		00603EC52B96FE1100284E42 /* NukeUI in Frameworks */ = {isa = PBXBuildFile; productRef = 00603EC42B96FE1100284E42 /* NukeUI */; };
		00603EC72B972FFA00284E42 /* AboutMeProfileView.swift in Sources */ = {isa = PBXBuildFile; fileRef = 00603EC62B972FFA00284E42 /* AboutMeProfileView.swift */; };
		00603ECA2B97383400284E42 /* FeedbackGenerator.swift in Sources */ = {isa = PBXBuildFile; fileRef = 00603EC92B97383400284E42 /* FeedbackGenerator.swift */; };
		00603ECD2B9739CE00284E42 /* EmittingError.swift in Sources */ = {isa = PBXBuildFile; fileRef = 00603ECC2B9739CE00284E42 /* EmittingError.swift */; };
		00603ECF2B97408300284E42 /* ProfilesView.swift in Sources */ = {isa = PBXBuildFile; fileRef = 00603ECE2B97408300284E42 /* ProfilesView.swift */; };
		0071386E2B975757000A2ED6 /* ProfileCardView.swift in Sources */ = {isa = PBXBuildFile; fileRef = 0071386D2B975757000A2ED6 /* ProfileCardView.swift */; };
		007138702B975A6F000A2ED6 /* SelectedProfile.swift in Sources */ = {isa = PBXBuildFile; fileRef = 0071386F2B975A6F000A2ED6 /* SelectedProfile.swift */; };
/* End PBXBuildFile section */

/* Begin PBXContainerItemProxy section */
		00603E7A2B96023400284E42 /* PBXContainerItemProxy */ = {
			isa = PBXContainerItemProxy;
			containerPortal = 00603E612B96023300284E42 /* Project object */;
			proxyType = 1;
			remoteGlobalIDString = 00603E682B96023300284E42;
			remoteInfo = DownAppTest;
		};
/* End PBXContainerItemProxy section */

/* Begin PBXFileReference section */
		00603E692B96023300284E42 /* DownAppTest.app */ = {isa = PBXFileReference; explicitFileType = wrapper.application; includeInIndex = 0; path = DownAppTest.app; sourceTree = BUILT_PRODUCTS_DIR; };
		00603E6C2B96023300284E42 /* DownAppTestApp.swift */ = {isa = PBXFileReference; lastKnownFileType = sourcecode.swift; path = DownAppTestApp.swift; sourceTree = "<group>"; };
		00603E6E2B96023300284E42 /* ProfilesScreen.swift */ = {isa = PBXFileReference; lastKnownFileType = sourcecode.swift; path = ProfilesScreen.swift; sourceTree = "<group>"; };
		00603E702B96023400284E42 /* Assets.xcassets */ = {isa = PBXFileReference; lastKnownFileType = folder.assetcatalog; path = Assets.xcassets; sourceTree = "<group>"; };
		00603E732B96023400284E42 /* Preview Assets.xcassets */ = {isa = PBXFileReference; lastKnownFileType = folder.assetcatalog; path = "Preview Assets.xcassets"; sourceTree = "<group>"; };
		00603E792B96023400284E42 /* DownAppTestTests.xctest */ = {isa = PBXFileReference; explicitFileType = wrapper.cfbundle; includeInIndex = 0; path = DownAppTestTests.xctest; sourceTree = BUILT_PRODUCTS_DIR; };
		00603E7D2B96023400284E42 /* DownAppTestTests.swift */ = {isa = PBXFileReference; lastKnownFileType = sourcecode.swift; path = DownAppTestTests.swift; sourceTree = "<group>"; };
		00603E9E2B96DE6200284E42 /* SwipeableProfileCardView.swift */ = {isa = PBXFileReference; lastKnownFileType = sourcecode.swift; path = SwipeableProfileCardView.swift; sourceTree = "<group>"; };
		00603EA02B96DEB000284E42 /* SelectionTypeView.swift */ = {isa = PBXFileReference; lastKnownFileType = sourcecode.swift; path = SelectionTypeView.swift; sourceTree = "<group>"; };
		00603EA52B96E14400284E42 /* LinearGradient+Ext.swift */ = {isa = PBXFileReference; lastKnownFileType = sourcecode.swift; path = "LinearGradient+Ext.swift"; sourceTree = "<group>"; };
		00603EA82B96E38500284E42 /* Profile.swift */ = {isa = PBXFileReference; lastKnownFileType = sourcecode.swift; path = Profile.swift; sourceTree = "<group>"; };
		00603EAA2B96E40C00284E42 /* ProfileView.swift */ = {isa = PBXFileReference; lastKnownFileType = sourcecode.swift; path = ProfileView.swift; sourceTree = "<group>"; };
		00603EAE2B96E80D00284E42 /* BackendError.swift */ = {isa = PBXFileReference; fileEncoding = 4; lastKnownFileType = sourcecode.swift; path = BackendError.swift; sourceTree = "<group>"; };
		00603EAF2B96E80D00284E42 /* Resource.swift */ = {isa = PBXFileReference; fileEncoding = 4; lastKnownFileType = sourcecode.swift; path = Resource.swift; sourceTree = "<group>"; };
		00603EB02B96E80D00284E42 /* AsyncRestClient.swift */ = {isa = PBXFileReference; fileEncoding = 4; lastKnownFileType = sourcecode.swift; path = AsyncRestClient.swift; sourceTree = "<group>"; };
		00603EB52B96E8DE00284E42 /* Task+Sleep.swift */ = {isa = PBXFileReference; lastKnownFileType = sourcecode.swift; path = "Task+Sleep.swift"; sourceTree = "<group>"; };
		00603EB82B96EBB800284E42 /* ProfileService.swift */ = {isa = PBXFileReference; lastKnownFileType = sourcecode.swift; path = ProfileService.swift; sourceTree = "<group>"; };
		00603EBB2B96F39B00284E42 /* ErrorHandler.swift */ = {isa = PBXFileReference; lastKnownFileType = sourcecode.swift; path = ErrorHandler.swift; sourceTree = "<group>"; };
		00603EBF2B96F71600284E42 /* LoadingView.swift */ = {isa = PBXFileReference; lastKnownFileType = sourcecode.swift; path = LoadingView.swift; sourceTree = "<group>"; };
		00603EC12B96F93A00284E42 /* NoProfileView.swift */ = {isa = PBXFileReference; lastKnownFileType = sourcecode.swift; path = NoProfileView.swift; sourceTree = "<group>"; };
		00603EC62B972FFA00284E42 /* AboutMeProfileView.swift */ = {isa = PBXFileReference; lastKnownFileType = sourcecode.swift; path = AboutMeProfileView.swift; sourceTree = "<group>"; };
		00603EC92B97383400284E42 /* FeedbackGenerator.swift */ = {isa = PBXFileReference; lastKnownFileType = sourcecode.swift; path = FeedbackGenerator.swift; sourceTree = "<group>"; };
		00603ECC2B9739CE00284E42 /* EmittingError.swift */ = {isa = PBXFileReference; lastKnownFileType = sourcecode.swift; path = EmittingError.swift; sourceTree = "<group>"; };
		00603ECE2B97408300284E42 /* ProfilesView.swift */ = {isa = PBXFileReference; lastKnownFileType = sourcecode.swift; path = ProfilesView.swift; sourceTree = "<group>"; };
		0071386D2B975757000A2ED6 /* ProfileCardView.swift */ = {isa = PBXFileReference; lastKnownFileType = sourcecode.swift; path = ProfileCardView.swift; sourceTree = "<group>"; };
		0071386F2B975A6F000A2ED6 /* SelectedProfile.swift */ = {isa = PBXFileReference; lastKnownFileType = sourcecode.swift; path = SelectedProfile.swift; sourceTree = "<group>"; };
/* End PBXFileReference section */

/* Begin PBXFrameworksBuildPhase section */
		00603E662B96023300284E42 /* Frameworks */ = {
			isa = PBXFrameworksBuildPhase;
			buildActionMask = 2147483647;
			files = (
				00603EC52B96FE1100284E42 /* NukeUI in Frameworks */,
			);
			runOnlyForDeploymentPostprocessing = 0;
		};
		00603E762B96023400284E42 /* Frameworks */ = {
			isa = PBXFrameworksBuildPhase;
			buildActionMask = 2147483647;
			files = (
			);
			runOnlyForDeploymentPostprocessing = 0;
		};
/* End PBXFrameworksBuildPhase section */

/* Begin PBXGroup section */
		00603E602B96023300284E42 = {
			isa = PBXGroup;
			children = (
				00603E6B2B96023300284E42 /* DownAppTest */,
				00603E7C2B96023400284E42 /* DownAppTestTests */,
				00603E6A2B96023300284E42 /* Products */,
			);
			sourceTree = "<group>";
		};
		00603E6A2B96023300284E42 /* Products */ = {
			isa = PBXGroup;
			children = (
				00603E692B96023300284E42 /* DownAppTest.app */,
				00603E792B96023400284E42 /* DownAppTestTests.xctest */,
			);
			name = Products;
			sourceTree = "<group>";
		};
		00603E6B2B96023300284E42 /* DownAppTest */ = {
			isa = PBXGroup;
			children = (
				00603EB72B96EBAE00284E42 /* BusinessLogic */,
				00603EBA2B96F37D00284E42 /* Utils */,
				00603EA72B96E36B00284E42 /* Model */,
				00603E9D2B96DE5200284E42 /* View */,
				00603E6C2B96023300284E42 /* DownAppTestApp.swift */,
				00603E6E2B96023300284E42 /* ProfilesScreen.swift */,
				00603E702B96023400284E42 /* Assets.xcassets */,
				00603E722B96023400284E42 /* Preview Content */,
			);
			path = DownAppTest;
			sourceTree = "<group>";
		};
		00603E722B96023400284E42 /* Preview Content */ = {
			isa = PBXGroup;
			children = (
				00603E732B96023400284E42 /* Preview Assets.xcassets */,
			);
			path = "Preview Content";
			sourceTree = "<group>";
		};
		00603E7C2B96023400284E42 /* DownAppTestTests */ = {
			isa = PBXGroup;
			children = (
				00603E7D2B96023400284E42 /* DownAppTestTests.swift */,
			);
			path = DownAppTestTests;
			sourceTree = "<group>";
		};
		00603E9D2B96DE5200284E42 /* View */ = {
			isa = PBXGroup;
			children = (
				00603EC82B97375000284E42 /* Profile */,
				00603EBF2B96F71600284E42 /* LoadingView.swift */,
				00603EC12B96F93A00284E42 /* NoProfileView.swift */,
				00603ECE2B97408300284E42 /* ProfilesView.swift */,
			);
			path = View;
			sourceTree = "<group>";
		};
		00603EA22B96E00B00284E42 /* Extension */ = {
			isa = PBXGroup;
			children = (
				00603EA52B96E14400284E42 /* LinearGradient+Ext.swift */,
				00603EB52B96E8DE00284E42 /* Task+Sleep.swift */,
			);
			path = Extension;
			sourceTree = "<group>";
		};
		00603EA72B96E36B00284E42 /* Model */ = {
			isa = PBXGroup;
			children = (
				00603EA82B96E38500284E42 /* Profile.swift */,
				0071386F2B975A6F000A2ED6 /* SelectedProfile.swift */,
			);
			path = Model;
			sourceTree = "<group>";
		};
		00603EAC2B96E80D00284E42 /* Networking */ = {
			isa = PBXGroup;
			children = (
				00603EAE2B96E80D00284E42 /* BackendError.swift */,
				00603EAF2B96E80D00284E42 /* Resource.swift */,
				00603EB02B96E80D00284E42 /* AsyncRestClient.swift */,
			);
			path = Networking;
			sourceTree = "<group>";
		};
		00603EB72B96EBAE00284E42 /* BusinessLogic */ = {
			isa = PBXGroup;
			children = (
				00603EB82B96EBB800284E42 /* ProfileService.swift */,
			);
			path = BusinessLogic;
			sourceTree = "<group>";
		};
		00603EBA2B96F37D00284E42 /* Utils */ = {
			isa = PBXGroup;
			children = (
				00603ECB2B9739C000284E42 /* ViewModifier */,
				00603EA22B96E00B00284E42 /* Extension */,
				00603EAC2B96E80D00284E42 /* Networking */,
				00603EBB2B96F39B00284E42 /* ErrorHandler.swift */,
				00603EC92B97383400284E42 /* FeedbackGenerator.swift */,
			);
			path = Utils;
			sourceTree = "<group>";
		};
		00603EC82B97375000284E42 /* Profile */ = {
			isa = PBXGroup;
			children = (
				00603EAA2B96E40C00284E42 /* ProfileView.swift */,
				00603EC62B972FFA00284E42 /* AboutMeProfileView.swift */,
				00603EA02B96DEB000284E42 /* SelectionTypeView.swift */,
				00603E9E2B96DE6200284E42 /* SwipeableProfileCardView.swift */,
				0071386D2B975757000A2ED6 /* ProfileCardView.swift */,
			);
			path = Profile;
			sourceTree = "<group>";
		};
		00603ECB2B9739C000284E42 /* ViewModifier */ = {
			isa = PBXGroup;
			children = (
				00603ECC2B9739CE00284E42 /* EmittingError.swift */,
			);
			path = ViewModifier;
			sourceTree = "<group>";
		};
/* End PBXGroup section */

/* Begin PBXNativeTarget section */
		00603E682B96023300284E42 /* DownAppTest */ = {
			isa = PBXNativeTarget;
			buildConfigurationList = 00603E8D2B96023500284E42 /* Build configuration list for PBXNativeTarget "DownAppTest" */;
			buildPhases = (
				00603E652B96023300284E42 /* Sources */,
				00603E662B96023300284E42 /* Frameworks */,
				00603E672B96023300284E42 /* Resources */,
			);
			buildRules = (
			);
			dependencies = (
			);
			name = DownAppTest;
			packageProductDependencies = (
				00603EC42B96FE1100284E42 /* NukeUI */,
			);
			productName = DownAppTest;
			productReference = 00603E692B96023300284E42 /* DownAppTest.app */;
			productType = "com.apple.product-type.application";
		};
		00603E782B96023400284E42 /* DownAppTestTests */ = {
			isa = PBXNativeTarget;
			buildConfigurationList = 00603E902B96023500284E42 /* Build configuration list for PBXNativeTarget "DownAppTestTests" */;
			buildPhases = (
				00603E752B96023400284E42 /* Sources */,
				00603E762B96023400284E42 /* Frameworks */,
				00603E772B96023400284E42 /* Resources */,
			);
			buildRules = (
			);
			dependencies = (
				00603E7B2B96023400284E42 /* PBXTargetDependency */,
			);
			name = DownAppTestTests;
			productName = DownAppTestTests;
			productReference = 00603E792B96023400284E42 /* DownAppTestTests.xctest */;
			productType = "com.apple.product-type.bundle.unit-test";
		};
/* End PBXNativeTarget section */

/* Begin PBXProject section */
		00603E612B96023300284E42 /* Project object */ = {
			isa = PBXProject;
			attributes = {
				BuildIndependentTargetsInParallel = 1;
				LastSwiftUpdateCheck = 1520;
				LastUpgradeCheck = 1520;
				TargetAttributes = {
					00603E682B96023300284E42 = {
						CreatedOnToolsVersion = 15.2;
					};
					00603E782B96023400284E42 = {
						CreatedOnToolsVersion = 15.2;
						TestTargetID = 00603E682B96023300284E42;
					};
				};
			};
			buildConfigurationList = 00603E642B96023300284E42 /* Build configuration list for PBXProject "DownAppTest" */;
			compatibilityVersion = "Xcode 14.0";
			developmentRegion = en;
			hasScannedForEncodings = 0;
			knownRegions = (
				en,
				Base,
			);
			mainGroup = 00603E602B96023300284E42;
			packageReferences = (
				00603EC32B96FE1000284E42 /* XCRemoteSwiftPackageReference "Nuke" */,
			);
			productRefGroup = 00603E6A2B96023300284E42 /* Products */;
			projectDirPath = "";
			projectRoot = "";
			targets = (
				00603E682B96023300284E42 /* DownAppTest */,
				00603E782B96023400284E42 /* DownAppTestTests */,
			);
		};
/* End PBXProject section */

/* Begin PBXResourcesBuildPhase section */
		00603E672B96023300284E42 /* Resources */ = {
			isa = PBXResourcesBuildPhase;
			buildActionMask = 2147483647;
			files = (
				00603E742B96023400284E42 /* Preview Assets.xcassets in Resources */,
				00603E712B96023400284E42 /* Assets.xcassets in Resources */,
			);
			runOnlyForDeploymentPostprocessing = 0;
		};
		00603E772B96023400284E42 /* Resources */ = {
			isa = PBXResourcesBuildPhase;
			buildActionMask = 2147483647;
			files = (
			);
			runOnlyForDeploymentPostprocessing = 0;
		};
/* End PBXResourcesBuildPhase section */

/* Begin PBXSourcesBuildPhase section */
		00603E652B96023300284E42 /* Sources */ = {
			isa = PBXSourcesBuildPhase;
			buildActionMask = 2147483647;
			files = (
				007138702B975A6F000A2ED6 /* SelectedProfile.swift in Sources */,
				00603EB22B96E80D00284E42 /* BackendError.swift in Sources */,
				00603EBC2B96F39B00284E42 /* ErrorHandler.swift in Sources */,
				00603EAB2B96E40C00284E42 /* ProfileView.swift in Sources */,
				00603EB62B96E8DE00284E42 /* Task+Sleep.swift in Sources */,
				00603EC72B972FFA00284E42 /* AboutMeProfileView.swift in Sources */,
				00603ECA2B97383400284E42 /* FeedbackGenerator.swift in Sources */,
				00603EB32B96E80D00284E42 /* Resource.swift in Sources */,
				00603EB92B96EBB800284E42 /* ProfileService.swift in Sources */,
				00603EC22B96F93A00284E42 /* NoProfileView.swift in Sources */,
				00603EB42B96E80D00284E42 /* AsyncRestClient.swift in Sources */,
				0071386E2B975757000A2ED6 /* ProfileCardView.swift in Sources */,
				00603EC02B96F71600284E42 /* LoadingView.swift in Sources */,
				00603EA12B96DEB000284E42 /* SelectionTypeView.swift in Sources */,
				00603EA92B96E38500284E42 /* Profile.swift in Sources */,
				00603E6F2B96023300284E42 /* ProfilesScreen.swift in Sources */,
				00603ECF2B97408300284E42 /* ProfilesView.swift in Sources */,
				00603EA62B96E14400284E42 /* LinearGradient+Ext.swift in Sources */,
				00603ECD2B9739CE00284E42 /* EmittingError.swift in Sources */,
				00603E9F2B96DE6200284E42 /* SwipeableProfileCardView.swift in Sources */,
				00603E6D2B96023300284E42 /* DownAppTestApp.swift in Sources */,
			);
			runOnlyForDeploymentPostprocessing = 0;
		};
		00603E752B96023400284E42 /* Sources */ = {
			isa = PBXSourcesBuildPhase;
			buildActionMask = 2147483647;
			files = (
				00603E7E2B96023400284E42 /* DownAppTestTests.swift in Sources */,
			);
			runOnlyForDeploymentPostprocessing = 0;
		};
/* End PBXSourcesBuildPhase section */

/* Begin PBXTargetDependency section */
		00603E7B2B96023400284E42 /* PBXTargetDependency */ = {
			isa = PBXTargetDependency;
			target = 00603E682B96023300284E42 /* DownAppTest */;
			targetProxy = 00603E7A2B96023400284E42 /* PBXContainerItemProxy */;
		};
/* End PBXTargetDependency section */

/* Begin XCBuildConfiguration section */
		00603E8B2B96023500284E42 /* Debug */ = {
			isa = XCBuildConfiguration;
			buildSettings = {
				ALWAYS_SEARCH_USER_PATHS = NO;
				ASSETCATALOG_COMPILER_GENERATE_SWIFT_ASSET_SYMBOL_EXTENSIONS = YES;
				CLANG_ANALYZER_NONNULL = YES;
				CLANG_ANALYZER_NUMBER_OBJECT_CONVERSION = YES_AGGRESSIVE;
				CLANG_CXX_LANGUAGE_STANDARD = "gnu++20";
				CLANG_ENABLE_MODULES = YES;
				CLANG_ENABLE_OBJC_ARC = YES;
				CLANG_ENABLE_OBJC_WEAK = YES;
				CLANG_WARN_BLOCK_CAPTURE_AUTORELEASING = YES;
				CLANG_WARN_BOOL_CONVERSION = YES;
				CLANG_WARN_COMMA = YES;
				CLANG_WARN_CONSTANT_CONVERSION = YES;
				CLANG_WARN_DEPRECATED_OBJC_IMPLEMENTATIONS = YES;
				CLANG_WARN_DIRECT_OBJC_ISA_USAGE = YES_ERROR;
				CLANG_WARN_DOCUMENTATION_COMMENTS = YES;
				CLANG_WARN_EMPTY_BODY = YES;
				CLANG_WARN_ENUM_CONVERSION = YES;
				CLANG_WARN_INFINITE_RECURSION = YES;
				CLANG_WARN_INT_CONVERSION = YES;
				CLANG_WARN_NON_LITERAL_NULL_CONVERSION = YES;
				CLANG_WARN_OBJC_IMPLICIT_RETAIN_SELF = YES;
				CLANG_WARN_OBJC_LITERAL_CONVERSION = YES;
				CLANG_WARN_OBJC_ROOT_CLASS = YES_ERROR;
				CLANG_WARN_QUOTED_INCLUDE_IN_FRAMEWORK_HEADER = YES;
				CLANG_WARN_RANGE_LOOP_ANALYSIS = YES;
				CLANG_WARN_STRICT_PROTOTYPES = YES;
				CLANG_WARN_SUSPICIOUS_MOVE = YES;
				CLANG_WARN_UNGUARDED_AVAILABILITY = YES_AGGRESSIVE;
				CLANG_WARN_UNREACHABLE_CODE = YES;
				CLANG_WARN__DUPLICATE_METHOD_MATCH = YES;
				COPY_PHASE_STRIP = NO;
				DEBUG_INFORMATION_FORMAT = dwarf;
				ENABLE_STRICT_OBJC_MSGSEND = YES;
				ENABLE_TESTABILITY = YES;
				ENABLE_USER_SCRIPT_SANDBOXING = YES;
				GCC_C_LANGUAGE_STANDARD = gnu17;
				GCC_DYNAMIC_NO_PIC = NO;
				GCC_NO_COMMON_BLOCKS = YES;
				GCC_OPTIMIZATION_LEVEL = 0;
				GCC_PREPROCESSOR_DEFINITIONS = (
					"DEBUG=1",
					"$(inherited)",
				);
				GCC_WARN_64_TO_32_BIT_CONVERSION = YES;
				GCC_WARN_ABOUT_RETURN_TYPE = YES_ERROR;
				GCC_WARN_UNDECLARED_SELECTOR = YES;
				GCC_WARN_UNINITIALIZED_AUTOS = YES_AGGRESSIVE;
				GCC_WARN_UNUSED_FUNCTION = YES;
				GCC_WARN_UNUSED_VARIABLE = YES;
				IPHONEOS_DEPLOYMENT_TARGET = 16.0;
				LOCALIZATION_PREFERS_STRING_CATALOGS = YES;
				MTL_ENABLE_DEBUG_INFO = INCLUDE_SOURCE;
				MTL_FAST_MATH = YES;
				ONLY_ACTIVE_ARCH = YES;
				SDKROOT = iphoneos;
				SWIFT_ACTIVE_COMPILATION_CONDITIONS = "DEBUG $(inherited)";
				SWIFT_OPTIMIZATION_LEVEL = "-Onone";
			};
			name = Debug;
		};
		00603E8C2B96023500284E42 /* Release */ = {
			isa = XCBuildConfiguration;
			buildSettings = {
				ALWAYS_SEARCH_USER_PATHS = NO;
				ASSETCATALOG_COMPILER_GENERATE_SWIFT_ASSET_SYMBOL_EXTENSIONS = YES;
				CLANG_ANALYZER_NONNULL = YES;
				CLANG_ANALYZER_NUMBER_OBJECT_CONVERSION = YES_AGGRESSIVE;
				CLANG_CXX_LANGUAGE_STANDARD = "gnu++20";
				CLANG_ENABLE_MODULES = YES;
				CLANG_ENABLE_OBJC_ARC = YES;
				CLANG_ENABLE_OBJC_WEAK = YES;
				CLANG_WARN_BLOCK_CAPTURE_AUTORELEASING = YES;
				CLANG_WARN_BOOL_CONVERSION = YES;
				CLANG_WARN_COMMA = YES;
				CLANG_WARN_CONSTANT_CONVERSION = YES;
				CLANG_WARN_DEPRECATED_OBJC_IMPLEMENTATIONS = YES;
				CLANG_WARN_DIRECT_OBJC_ISA_USAGE = YES_ERROR;
				CLANG_WARN_DOCUMENTATION_COMMENTS = YES;
				CLANG_WARN_EMPTY_BODY = YES;
				CLANG_WARN_ENUM_CONVERSION = YES;
				CLANG_WARN_INFINITE_RECURSION = YES;
				CLANG_WARN_INT_CONVERSION = YES;
				CLANG_WARN_NON_LITERAL_NULL_CONVERSION = YES;
				CLANG_WARN_OBJC_IMPLICIT_RETAIN_SELF = YES;
				CLANG_WARN_OBJC_LITERAL_CONVERSION = YES;
				CLANG_WARN_OBJC_ROOT_CLASS = YES_ERROR;
				CLANG_WARN_QUOTED_INCLUDE_IN_FRAMEWORK_HEADER = YES;
				CLANG_WARN_RANGE_LOOP_ANALYSIS = YES;
				CLANG_WARN_STRICT_PROTOTYPES = YES;
				CLANG_WARN_SUSPICIOUS_MOVE = YES;
				CLANG_WARN_UNGUARDED_AVAILABILITY = YES_AGGRESSIVE;
				CLANG_WARN_UNREACHABLE_CODE = YES;
				CLANG_WARN__DUPLICATE_METHOD_MATCH = YES;
				COPY_PHASE_STRIP = NO;
				DEBUG_INFORMATION_FORMAT = "dwarf-with-dsym";
				ENABLE_NS_ASSERTIONS = NO;
				ENABLE_STRICT_OBJC_MSGSEND = YES;
				ENABLE_USER_SCRIPT_SANDBOXING = YES;
				GCC_C_LANGUAGE_STANDARD = gnu17;
				GCC_NO_COMMON_BLOCKS = YES;
				GCC_WARN_64_TO_32_BIT_CONVERSION = YES;
				GCC_WARN_ABOUT_RETURN_TYPE = YES_ERROR;
				GCC_WARN_UNDECLARED_SELECTOR = YES;
				GCC_WARN_UNINITIALIZED_AUTOS = YES_AGGRESSIVE;
				GCC_WARN_UNUSED_FUNCTION = YES;
				GCC_WARN_UNUSED_VARIABLE = YES;
				IPHONEOS_DEPLOYMENT_TARGET = 16.0;
				LOCALIZATION_PREFERS_STRING_CATALOGS = YES;
				MTL_ENABLE_DEBUG_INFO = NO;
				MTL_FAST_MATH = YES;
				SDKROOT = iphoneos;
				SWIFT_COMPILATION_MODE = wholemodule;
				VALIDATE_PRODUCT = YES;
			};
			name = Release;
		};
		00603E8E2B96023500284E42 /* Debug */ = {
			isa = XCBuildConfiguration;
			buildSettings = {
				ASSETCATALOG_COMPILER_APPICON_NAME = AppIcon;
				ASSETCATALOG_COMPILER_GLOBAL_ACCENT_COLOR_NAME = AccentColor;
				CODE_SIGN_STYLE = Automatic;
				CURRENT_PROJECT_VERSION = 1;
				DEVELOPMENT_ASSET_PATHS = "\"DownAppTest/Preview Content\"";
				DEVELOPMENT_TEAM = 5UMJ6GYTHU;
				ENABLE_PREVIEWS = YES;
				GENERATE_INFOPLIST_FILE = YES;
				INFOPLIST_KEY_CFBundleDisplayName = "Down App Test";
				INFOPLIST_KEY_UIApplicationSceneManifest_Generation = YES;
				INFOPLIST_KEY_UIApplicationSupportsIndirectInputEvents = YES;
				INFOPLIST_KEY_UILaunchScreen_Generation = YES;
				INFOPLIST_KEY_UIStatusBarStyle = UIStatusBarStyleDarkContent;
				INFOPLIST_KEY_UISupportedInterfaceOrientations = UIInterfaceOrientationPortrait;
				INFOPLIST_KEY_UISupportedInterfaceOrientations_iPad = "UIInterfaceOrientationLandscapeLeft UIInterfaceOrientationLandscapeRight UIInterfaceOrientationPortrait UIInterfaceOrientationPortraitUpsideDown";
				INFOPLIST_KEY_UIUserInterfaceStyle = Dark;
				LD_RUNPATH_SEARCH_PATHS = (
					"$(inherited)",
					"@executable_path/Frameworks",
				);
				MARKETING_VERSION = 1.0;
				PRODUCT_BUNDLE_IDENTIFIER = com.downapp.DownAppTest;
				PRODUCT_NAME = "$(TARGET_NAME)";
				SUPPORTED_PLATFORMS = "iphoneos iphonesimulator";
				SUPPORTS_MACCATALYST = NO;
				SUPPORTS_MAC_DESIGNED_FOR_IPHONE_IPAD = NO;
				SUPPORTS_XR_DESIGNED_FOR_IPHONE_IPAD = NO;
				SWIFT_EMIT_LOC_STRINGS = YES;
				SWIFT_VERSION = 5.0;
				TARGETED_DEVICE_FAMILY = 1;
			};
			name = Debug;
		};
		00603E8F2B96023500284E42 /* Release */ = {
			isa = XCBuildConfiguration;
			buildSettings = {
				ASSETCATALOG_COMPILER_APPICON_NAME = AppIcon;
				ASSETCATALOG_COMPILER_GLOBAL_ACCENT_COLOR_NAME = AccentColor;
				CODE_SIGN_STYLE = Automatic;
				CURRENT_PROJECT_VERSION = 1;
				DEVELOPMENT_ASSET_PATHS = "\"DownAppTest/Preview Content\"";
				DEVELOPMENT_TEAM = 5UMJ6GYTHU;
				ENABLE_PREVIEWS = YES;
				GENERATE_INFOPLIST_FILE = YES;
				INFOPLIST_KEY_CFBundleDisplayName = "Down App Test";
				INFOPLIST_KEY_UIApplicationSceneManifest_Generation = YES;
				INFOPLIST_KEY_UIApplicationSupportsIndirectInputEvents = YES;
				INFOPLIST_KEY_UILaunchScreen_Generation = YES;
				INFOPLIST_KEY_UIStatusBarStyle = UIStatusBarStyleDarkContent;
				INFOPLIST_KEY_UISupportedInterfaceOrientations = UIInterfaceOrientationPortrait;
				INFOPLIST_KEY_UISupportedInterfaceOrientations_iPad = "UIInterfaceOrientationLandscapeLeft UIInterfaceOrientationLandscapeRight UIInterfaceOrientationPortrait UIInterfaceOrientationPortraitUpsideDown";
				INFOPLIST_KEY_UIUserInterfaceStyle = Dark;
				LD_RUNPATH_SEARCH_PATHS = (
					"$(inherited)",
					"@executable_path/Frameworks",
				);
				MARKETING_VERSION = 1.0;
				PRODUCT_BUNDLE_IDENTIFIER = com.downapp.DownAppTest;
				PRODUCT_NAME = "$(TARGET_NAME)";
				SUPPORTED_PLATFORMS = "iphoneos iphonesimulator";
				SUPPORTS_MACCATALYST = NO;
				SUPPORTS_MAC_DESIGNED_FOR_IPHONE_IPAD = NO;
				SUPPORTS_XR_DESIGNED_FOR_IPHONE_IPAD = NO;
				SWIFT_EMIT_LOC_STRINGS = YES;
				SWIFT_VERSION = 5.0;
				TARGETED_DEVICE_FAMILY = 1;
			};
			name = Release;
		};
		00603E912B96023500284E42 /* Debug */ = {
			isa = XCBuildConfiguration;
			buildSettings = {
				ALWAYS_EMBED_SWIFT_STANDARD_LIBRARIES = YES;
				BUNDLE_LOADER = "$(TEST_HOST)";
				CODE_SIGN_STYLE = Automatic;
				CURRENT_PROJECT_VERSION = 1;
				DEVELOPMENT_TEAM = 5UMJ6GYTHU;
				GENERATE_INFOPLIST_FILE = YES;
				IPHONEOS_DEPLOYMENT_TARGET = 16.0;
				MARKETING_VERSION = 1.0;
				PRODUCT_BUNDLE_IDENTIFIER = com.downapp.DownAppTestTests;
				PRODUCT_NAME = "$(TARGET_NAME)";
				SUPPORTED_PLATFORMS = "iphoneos iphonesimulator";
				SUPPORTS_MACCATALYST = NO;
				SUPPORTS_MAC_DESIGNED_FOR_IPHONE_IPAD = NO;
				SUPPORTS_XR_DESIGNED_FOR_IPHONE_IPAD = NO;
				SWIFT_EMIT_LOC_STRINGS = NO;
				SWIFT_VERSION = 5.0;
				TARGETED_DEVICE_FAMILY = 1;
				TEST_HOST = "$(BUILT_PRODUCTS_DIR)/DownAppTest.app/$(BUNDLE_EXECUTABLE_FOLDER_PATH)/DownAppTest";
			};
			name = Debug;
		};
		00603E922B96023500284E42 /* Release */ = {
			isa = XCBuildConfiguration;
			buildSettings = {
				ALWAYS_EMBED_SWIFT_STANDARD_LIBRARIES = YES;
				BUNDLE_LOADER = "$(TEST_HOST)";
				CODE_SIGN_STYLE = Automatic;
				CURRENT_PROJECT_VERSION = 1;
				DEVELOPMENT_TEAM = 5UMJ6GYTHU;
				GENERATE_INFOPLIST_FILE = YES;
				IPHONEOS_DEPLOYMENT_TARGET = 16.0;
				MARKETING_VERSION = 1.0;
				PRODUCT_BUNDLE_IDENTIFIER = com.downapp.DownAppTestTests;
				PRODUCT_NAME = "$(TARGET_NAME)";
				SUPPORTED_PLATFORMS = "iphoneos iphonesimulator";
				SUPPORTS_MACCATALYST = NO;
				SUPPORTS_MAC_DESIGNED_FOR_IPHONE_IPAD = NO;
				SUPPORTS_XR_DESIGNED_FOR_IPHONE_IPAD = NO;
				SWIFT_EMIT_LOC_STRINGS = NO;
				SWIFT_VERSION = 5.0;
				TARGETED_DEVICE_FAMILY = 1;
				TEST_HOST = "$(BUILT_PRODUCTS_DIR)/DownAppTest.app/$(BUNDLE_EXECUTABLE_FOLDER_PATH)/DownAppTest";
			};
			name = Release;
		};
/* End XCBuildConfiguration section */

/* Begin XCConfigurationList section */
		00603E642B96023300284E42 /* Build configuration list for PBXProject "DownAppTest" */ = {
			isa = XCConfigurationList;
			buildConfigurations = (
				00603E8B2B96023500284E42 /* Debug */,
				00603E8C2B96023500284E42 /* Release */,
			);
			defaultConfigurationIsVisible = 0;
			defaultConfigurationName = Release;
		};
		00603E8D2B96023500284E42 /* Build configuration list for PBXNativeTarget "DownAppTest" */ = {
			isa = XCConfigurationList;
			buildConfigurations = (
				00603E8E2B96023500284E42 /* Debug */,
				00603E8F2B96023500284E42 /* Release */,
			);
			defaultConfigurationIsVisible = 0;
			defaultConfigurationName = Release;
		};
		00603E902B96023500284E42 /* Build configuration list for PBXNativeTarget "DownAppTestTests" */ = {
			isa = XCConfigurationList;
			buildConfigurations = (
				00603E912B96023500284E42 /* Debug */,
				00603E922B96023500284E42 /* Release */,
			);
			defaultConfigurationIsVisible = 0;
			defaultConfigurationName = Release;
		};
/* End XCConfigurationList section */

/* Begin XCRemoteSwiftPackageReference section */
		00603EC32B96FE1000284E42 /* XCRemoteSwiftPackageReference "Nuke" */ = {
			isa = XCRemoteSwiftPackageReference;
			repositoryURL = "https://github.com/kean/Nuke";
			requirement = {
				kind = upToNextMajorVersion;
				minimumVersion = 12.4.0;
			};
		};
/* End XCRemoteSwiftPackageReference section */

/* Begin XCSwiftPackageProductDependency section */
		00603EC42B96FE1100284E42 /* NukeUI */ = {
			isa = XCSwiftPackageProductDependency;
			package = 00603EC32B96FE1000284E42 /* XCRemoteSwiftPackageReference "Nuke" */;
			productName = NukeUI;
		};
/* End XCSwiftPackageProductDependency section */
	};
	rootObject = 00603E612B96023300284E42 /* Project object */;
}
